
Microsoft Visual Studio Solution File, Format Version 12.00
# Visual Studio Version 17
VisualStudioVersion = 17.7.34221.43
MinimumVisualStudioVersion = 10.0.40219.1
Project("{FAE04EC0-301F-11D3-BF4B-00C04F79EFBC}") = "ShennikovaTours", "ShennikovaTours\ShennikovaTours.csproj", "{AF42C1BE-E5D6-441C-BA2E-B8A614D779BE}"
EndProject
Global
	GlobalSection(SolutionConfigurationPlatforms) = preSolution
		Debug|Any CPU = Debug|Any CPU
		Release|Any CPU = Release|Any CPU
	EndGlobalSection
	GlobalSection(ProjectConfigurationPlatforms) = postSolution
		{AF42C1BE-E5D6-441C-BA2E-B8A614D779BE}.Debug|Any CPU.ActiveCfg = Debug|Any CPU
		{AF42C1BE-E5D6-441C-BA2E-B8A614D779BE}.Debug|Any CPU.Build.0 = Debug|Any CPU
		{AF42C1BE-E5D6-441C-BA2E-B8A614D779BE}.Release|Any CPU.ActiveCfg = Release|Any CPU
		{AF42C1BE-E5D6-441C-BA2E-B8A614D779BE}.Release|Any CPU.Build.0 = Release|Any CPU
	EndGlobalSection
	GlobalSection(SolutionProperties) = preSolution
		HideSolutionNode = FALSE
	EndGlobalSection
	GlobalSection(ExtensibilityGlobals) = postSolution
		SolutionGuid = {66BEBB5F-FB4A-49BA-9587-FE71B644A85E}
	EndGlobalSection
EndGlobal
